
Microsoft Visual Studio Solution File, Format Version 12.00
# Visual Studio Version 16
VisualStudioVersion = 16.0.29613.14
MinimumVisualStudioVersion = 10.0.40219.1
Project("{2150E333-8FDC-42A3-9474-1A3956D46DE8}") = "src", "src", "{4639E6A8-2BB9-4459-BA52-027B15BCF18A}"
EndProject
Project("{2150E333-8FDC-42A3-9474-1A3956D46DE8}") = "test", "test", "{024AFF13-8770-4A47-B5C0-706887A441EB}"
EndProject
Project("{2150E333-8FDC-42A3-9474-1A3956D46DE8}") = "01_Infrastructure", "01_Infrastructure", "{B305B914-085F-41ED-A2FC-A9C5ADA9C6BF}"
EndProject
Project("{2150E333-8FDC-42A3-9474-1A3956D46DE8}") = "02_Domain", "02_Domain", "{D8E2E694-6EF8-473B-98B6-358A1E284854}"
EndProject
Project("{2150E333-8FDC-42A3-9474-1A3956D46DE8}") = "03_Application", "03_Application", "{5494DA42-E528-4C57-A5E9-7EBFA73F6BF8}"
EndProject
Project("{9A19103F-16F7-4668-BE54-9A1E7A4F7556}") = "Ingos.Api", "src\Ingos.Api\Ingos.Api.csproj", "{F63D1DEB-27A5-4D0A-A24E-0E2F4C7A1238}"
EndProject
Project("{9A19103F-16F7-4668-BE54-9A1E7A4F7556}") = "Ingos.Application", "src\03_Application\Ingos.Application\Ingos.Application.csproj", "{EA8B5FB1-8BCD-41B3-8DC9-F56CC5418507}"
EndProject
Project("{9A19103F-16F7-4668-BE54-9A1E7A4F7556}") = "Ingos.Domain", "src\02_Domain\Ingos.Domain\Ingos.Domain.csproj", "{B81C9AD0-842B-4A63-8DEE-7BBA6F5FDEE6}"
EndProject
Project("{9A19103F-16F7-4668-BE54-9A1E7A4F7556}") = "Ingos.Infrastructure", "src\01_Infrastructure\Ingos.Infrastructure\Ingos.Infrastructure.csproj", "{6A37DADC-E266-43B6-B245-859C4C425CA8}"
EndProject
Project("{9A19103F-16F7-4668-BE54-9A1E7A4F7556}") = "Ingos.Application.Test", "test\Ingos.Application.Test\Ingos.Application.Test.csproj", "{957439FB-8CFD-4256-BD71-DF24A8D77626}"
EndProject
Global
	GlobalSection(SolutionConfigurationPlatforms) = preSolution
		Debug|Any CPU = Debug|Any CPU
		Release|Any CPU = Release|Any CPU
	EndGlobalSection
	GlobalSection(ProjectConfigurationPlatforms) = postSolution
		{F63D1DEB-27A5-4D0A-A24E-0E2F4C7A1238}.Debug|Any CPU.ActiveCfg = Debug|Any CPU
		{F63D1DEB-27A5-4D0A-A24E-0E2F4C7A1238}.Debug|Any CPU.Build.0 = Debug|Any CPU
		{F63D1DEB-27A5-4D0A-A24E-0E2F4C7A1238}.Release|Any CPU.ActiveCfg = Release|Any CPU
		{F63D1DEB-27A5-4D0A-A24E-0E2F4C7A1238}.Release|Any CPU.Build.0 = Release|Any CPU
		{EA8B5FB1-8BCD-41B3-8DC9-F56CC5418507}.Debug|Any CPU.ActiveCfg = Debug|Any CPU
		{EA8B5FB1-8BCD-41B3-8DC9-F56CC5418507}.Debug|Any CPU.Build.0 = Debug|Any CPU
		{EA8B5FB1-8BCD-41B3-8DC9-F56CC5418507}.Release|Any CPU.ActiveCfg = Release|Any CPU
		{EA8B5FB1-8BCD-41B3-8DC9-F56CC5418507}.Release|Any CPU.Build.0 = Release|Any CPU
		{B81C9AD0-842B-4A63-8DEE-7BBA6F5FDEE6}.Debug|Any CPU.ActiveCfg = Debug|Any CPU
		{B81C9AD0-842B-4A63-8DEE-7BBA6F5FDEE6}.Debug|Any CPU.Build.0 = Debug|Any CPU
		{B81C9AD0-842B-4A63-8DEE-7BBA6F5FDEE6}.Release|Any CPU.ActiveCfg = Release|Any CPU
		{B81C9AD0-842B-4A63-8DEE-7BBA6F5FDEE6}.Release|Any CPU.Build.0 = Release|Any CPU
		{6A37DADC-E266-43B6-B245-859C4C425CA8}.Debug|Any CPU.ActiveCfg = Debug|Any CPU
		{6A37DADC-E266-43B6-B245-859C4C425CA8}.Debug|Any CPU.Build.0 = Debug|Any CPU
		{6A37DADC-E266-43B6-B245-859C4C425CA8}.Release|Any CPU.ActiveCfg = Release|Any CPU
		{6A37DADC-E266-43B6-B245-859C4C425CA8}.Release|Any CPU.Build.0 = Release|Any CPU
		{957439FB-8CFD-4256-BD71-DF24A8D77626}.Debug|Any CPU.ActiveCfg = Debug|Any CPU
		{957439FB-8CFD-4256-BD71-DF24A8D77626}.Debug|Any CPU.Build.0 = Debug|Any CPU
		{957439FB-8CFD-4256-BD71-DF24A8D77626}.Release|Any CPU.ActiveCfg = Release|Any CPU
		{957439FB-8CFD-4256-BD71-DF24A8D77626}.Release|Any CPU.Build.0 = Release|Any CPU
	EndGlobalSection
	GlobalSection(SolutionProperties) = preSolution
		HideSolutionNode = FALSE
	EndGlobalSection
	GlobalSection(NestedProjects) = preSolution
		{B305B914-085F-41ED-A2FC-A9C5ADA9C6BF} = {4639E6A8-2BB9-4459-BA52-027B15BCF18A}
		{D8E2E694-6EF8-473B-98B6-358A1E284854} = {4639E6A8-2BB9-4459-BA52-027B15BCF18A}
		{5494DA42-E528-4C57-A5E9-7EBFA73F6BF8} = {4639E6A8-2BB9-4459-BA52-027B15BCF18A}
		{F63D1DEB-27A5-4D0A-A24E-0E2F4C7A1238} = {4639E6A8-2BB9-4459-BA52-027B15BCF18A}
		{EA8B5FB1-8BCD-41B3-8DC9-F56CC5418507} = {5494DA42-E528-4C57-A5E9-7EBFA73F6BF8}
		{B81C9AD0-842B-4A63-8DEE-7BBA6F5FDEE6} = {D8E2E694-6EF8-473B-98B6-358A1E284854}
		{6A37DADC-E266-43B6-B245-859C4C425CA8} = {B305B914-085F-41ED-A2FC-A9C5ADA9C6BF}
		{957439FB-8CFD-4256-BD71-DF24A8D77626} = {024AFF13-8770-4A47-B5C0-706887A441EB}
	EndGlobalSection
	GlobalSection(ExtensibilityGlobals) = postSolution
		SolutionGuid = {C121FB72-9781-4D0D-BBFB-7E1535F9744D}
	EndGlobalSection
EndGlobal
