
Microsoft Visual Studio Solution File, Format Version 12.00
# Visual Studio Version 16
VisualStudioVersion = 16.0.29613.14
MinimumVisualStudioVersion = 10.0.40219.1
Project("{2150E333-8FDC-42A3-9474-1A3956D46DE8}") = "src", "src", "{4639E6A8-2BB9-4459-BA52-027B15BCF18A}"
EndProject
Project("{2150E333-8FDC-42A3-9474-1A3956D46DE8}") = "test", "test", "{024AFF13-8770-4A47-B5C0-706887A441EB}"
EndProject
Project("{2150E333-8FDC-42A3-9474-1A3956D46DE8}") = "01_Infrastructure", "01_Infrastructure", "{B305B914-085F-41ED-A2FC-A9C5ADA9C6BF}"
EndProject
Project("{2150E333-8FDC-42A3-9474-1A3956D46DE8}") = "02_Domain", "02_Domain", "{D8E2E694-6EF8-473B-98B6-358A1E284854}"
EndProject
Project("{2150E333-8FDC-42A3-9474-1A3956D46DE8}") = "03_Application", "03_Application", "{5494DA42-E528-4C57-A5E9-7EBFA73F6BF8}"
EndProject
Project("{9A19103F-16F7-4668-BE54-9A1E7A4F7556}") = "Ingos.Application.Test", "test\Ingos.Application.Test\Ingos.Application.Test.csproj", "{957439FB-8CFD-4256-BD71-DF24A8D77626}"
EndProject
Project("{2150E333-8FDC-42A3-9474-1A3956D46DE8}") = "Shared", "Shared", "{B79B91F9-265C-4F83-8DB7-60EDFDF97BBC}"
EndProject
Project("{9A19103F-16F7-4668-BE54-9A1E7A4F7556}") = "Ingos.Infrastructure", "src\01_Infrastructure\Ingos.Infrastructure\Ingos.Infrastructure.csproj", "{CD66457E-3DF5-4CF3-A80A-A93CE4776000}"
EndProject
Project("{9A19103F-16F7-4668-BE54-9A1E7A4F7556}") = "Ingos.Domain", "src\02_Domain\Ingos.Domain\Ingos.Domain.csproj", "{B0EC7B43-86FB-4DAD-84CF-7CADC0352B09}"
EndProject
Project("{9A19103F-16F7-4668-BE54-9A1E7A4F7556}") = "Ingos.Application", "src\03_Application\Ingos.Application\Ingos.Application.csproj", "{FF379876-520F-4797-87E3-CA1F6ADED9AC}"
EndProject
Project("{9A19103F-16F7-4668-BE54-9A1E7A4F7556}") = "Ingos.Api", "src\Ingos.Api\Ingos.Api.csproj", "{CE8E0D06-5DFA-46F6-B1F5-20C6EA26572A}"
EndProject
Project("{9A19103F-16F7-4668-BE54-9A1E7A4F7556}") = "Ingos.Api.Core", "src\01_Infrastructure\Shared\Ingos.AspNetCore.Api.Core\Ingos.Api.Core.csproj", "{ACC73168-D8DA-490E-A498-0734EE25B405}"
EndProject
Project("{9A19103F-16F7-4668-BE54-9A1E7A4F7556}") = "Ingos.Domain.Abstractions", "src\01_Infrastructure\Shared\Ingos.Domain.Abstractions\Ingos.Domain.Abstractions.csproj", "{B0026472-E6A8-4E30-95FE-833C87C7C44A}"
EndProject
Project("{9A19103F-16F7-4668-BE54-9A1E7A4F7556}") = "Ingos.Infrastructure.Core", "src\01_Infrastructure\Shared\Ingos.Infrastructure.Core\Ingos.Infrastructure.Core.csproj", "{C938B75B-0E19-4954-891C-116697140CBD}"
EndProject
Global
	GlobalSection(SolutionConfigurationPlatforms) = preSolution
		Debug|Any CPU = Debug|Any CPU
		Release|Any CPU = Release|Any CPU
	EndGlobalSection
	GlobalSection(ProjectConfigurationPlatforms) = postSolution
		{957439FB-8CFD-4256-BD71-DF24A8D77626}.Debug|Any CPU.ActiveCfg = Debug|Any CPU
		{957439FB-8CFD-4256-BD71-DF24A8D77626}.Debug|Any CPU.Build.0 = Debug|Any CPU
		{957439FB-8CFD-4256-BD71-DF24A8D77626}.Release|Any CPU.ActiveCfg = Release|Any CPU
		{957439FB-8CFD-4256-BD71-DF24A8D77626}.Release|Any CPU.Build.0 = Release|Any CPU
		{CD66457E-3DF5-4CF3-A80A-A93CE4776000}.Debug|Any CPU.ActiveCfg = Debug|Any CPU
		{CD66457E-3DF5-4CF3-A80A-A93CE4776000}.Debug|Any CPU.Build.0 = Debug|Any CPU
		{CD66457E-3DF5-4CF3-A80A-A93CE4776000}.Release|Any CPU.ActiveCfg = Release|Any CPU
		{CD66457E-3DF5-4CF3-A80A-A93CE4776000}.Release|Any CPU.Build.0 = Release|Any CPU
		{B0EC7B43-86FB-4DAD-84CF-7CADC0352B09}.Debug|Any CPU.ActiveCfg = Debug|Any CPU
		{B0EC7B43-86FB-4DAD-84CF-7CADC0352B09}.Debug|Any CPU.Build.0 = Debug|Any CPU
		{B0EC7B43-86FB-4DAD-84CF-7CADC0352B09}.Release|Any CPU.ActiveCfg = Release|Any CPU
		{B0EC7B43-86FB-4DAD-84CF-7CADC0352B09}.Release|Any CPU.Build.0 = Release|Any CPU
		{FF379876-520F-4797-87E3-CA1F6ADED9AC}.Debug|Any CPU.ActiveCfg = Debug|Any CPU
		{FF379876-520F-4797-87E3-CA1F6ADED9AC}.Debug|Any CPU.Build.0 = Debug|Any CPU
		{FF379876-520F-4797-87E3-CA1F6ADED9AC}.Release|Any CPU.ActiveCfg = Release|Any CPU
		{FF379876-520F-4797-87E3-CA1F6ADED9AC}.Release|Any CPU.Build.0 = Release|Any CPU
		{CE8E0D06-5DFA-46F6-B1F5-20C6EA26572A}.Debug|Any CPU.ActiveCfg = Debug|Any CPU
		{CE8E0D06-5DFA-46F6-B1F5-20C6EA26572A}.Debug|Any CPU.Build.0 = Debug|Any CPU
		{CE8E0D06-5DFA-46F6-B1F5-20C6EA26572A}.Release|Any CPU.ActiveCfg = Release|Any CPU
		{CE8E0D06-5DFA-46F6-B1F5-20C6EA26572A}.Release|Any CPU.Build.0 = Release|Any CPU
		{ACC73168-D8DA-490E-A498-0734EE25B405}.Debug|Any CPU.ActiveCfg = Debug|Any CPU
		{ACC73168-D8DA-490E-A498-0734EE25B405}.Debug|Any CPU.Build.0 = Debug|Any CPU
		{ACC73168-D8DA-490E-A498-0734EE25B405}.Release|Any CPU.ActiveCfg = Release|Any CPU
		{ACC73168-D8DA-490E-A498-0734EE25B405}.Release|Any CPU.Build.0 = Release|Any CPU
		{B0026472-E6A8-4E30-95FE-833C87C7C44A}.Debug|Any CPU.ActiveCfg = Debug|Any CPU
		{B0026472-E6A8-4E30-95FE-833C87C7C44A}.Debug|Any CPU.Build.0 = Debug|Any CPU
		{B0026472-E6A8-4E30-95FE-833C87C7C44A}.Release|Any CPU.ActiveCfg = Release|Any CPU
		{B0026472-E6A8-4E30-95FE-833C87C7C44A}.Release|Any CPU.Build.0 = Release|Any CPU
		{C938B75B-0E19-4954-891C-116697140CBD}.Debug|Any CPU.ActiveCfg = Debug|Any CPU
		{C938B75B-0E19-4954-891C-116697140CBD}.Debug|Any CPU.Build.0 = Debug|Any CPU
		{C938B75B-0E19-4954-891C-116697140CBD}.Release|Any CPU.ActiveCfg = Release|Any CPU
		{C938B75B-0E19-4954-891C-116697140CBD}.Release|Any CPU.Build.0 = Release|Any CPU
	EndGlobalSection
	GlobalSection(SolutionProperties) = preSolution
		HideSolutionNode = FALSE
	EndGlobalSection
	GlobalSection(NestedProjects) = preSolution
		{B305B914-085F-41ED-A2FC-A9C5ADA9C6BF} = {4639E6A8-2BB9-4459-BA52-027B15BCF18A}
		{D8E2E694-6EF8-473B-98B6-358A1E284854} = {4639E6A8-2BB9-4459-BA52-027B15BCF18A}
		{5494DA42-E528-4C57-A5E9-7EBFA73F6BF8} = {4639E6A8-2BB9-4459-BA52-027B15BCF18A}
		{957439FB-8CFD-4256-BD71-DF24A8D77626} = {024AFF13-8770-4A47-B5C0-706887A441EB}
		{B79B91F9-265C-4F83-8DB7-60EDFDF97BBC} = {B305B914-085F-41ED-A2FC-A9C5ADA9C6BF}
		{CD66457E-3DF5-4CF3-A80A-A93CE4776000} = {B305B914-085F-41ED-A2FC-A9C5ADA9C6BF}
		{B0EC7B43-86FB-4DAD-84CF-7CADC0352B09} = {D8E2E694-6EF8-473B-98B6-358A1E284854}
		{FF379876-520F-4797-87E3-CA1F6ADED9AC} = {5494DA42-E528-4C57-A5E9-7EBFA73F6BF8}
		{CE8E0D06-5DFA-46F6-B1F5-20C6EA26572A} = {4639E6A8-2BB9-4459-BA52-027B15BCF18A}
		{ACC73168-D8DA-490E-A498-0734EE25B405} = {B79B91F9-265C-4F83-8DB7-60EDFDF97BBC}
		{B0026472-E6A8-4E30-95FE-833C87C7C44A} = {B79B91F9-265C-4F83-8DB7-60EDFDF97BBC}
		{C938B75B-0E19-4954-891C-116697140CBD} = {B79B91F9-265C-4F83-8DB7-60EDFDF97BBC}
	EndGlobalSection
	GlobalSection(ExtensibilityGlobals) = postSolution
		SolutionGuid = {C121FB72-9781-4D0D-BBFB-7E1535F9744D}
	EndGlobalSection
EndGlobal
